PODS:
  - AFNetworking (2.4.1):
    - AFNetworking/NSURLConnection
    - AFNetworking/NSURLSession
    - AFNetworking/Reachability
    - AFNetworking/Security
    - AFNetworking/Serialization
    - AFNetworking/UIKit
  - AFNetworking/NSURLConnection (2.4.1):
    - AFNetworking/Reachability
    - AFNetworking/Security
    - AFNetworking/Serialization
  - AFNetworking/NSURLSession (2.4.1):
    - AFNetworking/Reachability
    - AFNetworking/Security
    - AFNetworking/Serialization
  - AFNetworking/Reachability (2.4.1)
  - AFNetworking/Security (2.4.1)
  - AFNetworking/Serialization (2.4.1)
  - AFNetworking/UIKit (2.4.1):
    - AFNetworking/NSURLConnection
    - AFNetworking/NSURLSession
  - CocoaLumberjack (2.0.0-beta):
    - CocoaLumberjack/CLI
    - CocoaLumberjack/Core
    - CocoaLumberjack/Extensions
  - CocoaLumberjack/CLI (2.0.0-beta):
    - CocoaLumberjack/Core
  - CocoaLumberjack/Core (2.0.0-beta)
  - CocoaLumberjack/Extensions (2.0.0-beta):
    - CocoaLumberjack/Core
  - FontAwesomeIconFactory (1.4)
  - MagicalRecord (2.2):
    - MagicalRecord/Core
  - MagicalRecord/Core (2.2)
  - MBProgressHUD (0.9)
  - OMGHTTPURLRQ (2.0):
    - OMGHTTPURLRQ/RQ
    - OMGHTTPURLRQ/UserAgent
    - OMGHTTPURLRQ/UserAgent
  - OMGHTTPURLRQ/RQ (2.0):
    - OMGHTTPURLRQ/UserAgent
  - OMGHTTPURLRQ/UserAgent (2.0):
    - OMGHTTPURLRQ/UserAgent
  - PKRevealController (2.0.6)
  - PromiseKit (0.9.17):
    - PromiseKit/NSNotificationCenter
    - PromiseKit/NSURLConnection
    - PromiseKit/Pause
    - PromiseKit/UIActionSheet
    - PromiseKit/UIAlertView
    - PromiseKit/UIView
    - PromiseKit/UIViewController
    - PromiseKit/Until
    - PromiseKit/When
  - PromiseKit/NSNotificationCenter (0.9.17):
    - PromiseKit/Promise
  - PromiseKit/NSURLConnection (0.9.17):
    - OMGHTTPURLRQ
    - PromiseKit/Promise
  - PromiseKit/Pause (0.9.17):
    - PromiseKit/Promise
  - PromiseKit/Promise (0.9.17)
  - PromiseKit/UIActionSheet (0.9.17):
    - PromiseKit/Promise
  - PromiseKit/UIAlertView (0.9.17):
    - PromiseKit/Promise
  - PromiseKit/UIView (0.9.17):
    - PromiseKit/Promise
  - PromiseKit/UIViewController (0.9.17):
    - PromiseKit/Promise
  - PromiseKit/Until (0.9.17):
    - PromiseKit/Promise
    - PromiseKit/When
  - PromiseKit/When (0.9.17):
    - PromiseKit/Promise
  - ReactiveCocoa (2.3.1):
    - ReactiveCocoa/UI
  - ReactiveCocoa/Core (2.3.1):
    - ReactiveCocoa/no-arc
  - ReactiveCocoa/no-arc (2.3.1)
  - ReactiveCocoa/UI (2.3.1):
    - ReactiveCocoa/Core
  - Streamlyne-Cocoa-SDK (0.0.5):
    - AFNetworking (~> 2.0)
    - MagicalRecord (~> 2.2)
    - PromiseKit
  - TestFlightSDK (3.0.2)

DEPENDENCIES:
  - CocoaLumberjack
  - FontAwesomeIconFactory
  - MBProgressHUD (~> 0.8)
  - PKRevealController
  - PromiseKit (<= 0.9.14)
  - ReactiveCocoa
  - Streamlyne-Cocoa-SDK (from `git@github.com:Streamlyne/Cocoa-SDK.git`)
  - TestFlightSDK

EXTERNAL SOURCES:
  Streamlyne-Cocoa-SDK:
    :git: git@github.com:Streamlyne/Cocoa-SDK.git

SPEC CHECKSUMS:
  AFNetworking: 0aabc6fae66d6e5d039eeb21c315843c7aae51ab
  CocoaLumberjack: aadc76d7bd6c839ca84b38ed50cbf89d7cf8c693
  FontAwesomeIconFactory: 6ef139e879d779e8e4561980ca170ea0981f5f9e
  MagicalRecord: 2b471584fc9e3137f3d0a56967917baa4979e224
  MBProgressHUD: 2038dbcf3dce73215abed6001657043d53aa79a8
  OMGHTTPURLRQ: df9e536a7093d567c1d8aa6e355c89ec3cf1d94a
  PKRevealController: 4f175a432ad868c806dce1ebb3fd8a35d228bdb5
  PromiseKit: 7a18d7b8d41a156cda0268c3cb065d272d5aa554
  ReactiveCocoa: dca75777b9d18990c8714a3a6f2149f29b4d1462
  Streamlyne-Cocoa-SDK: c279e2535ee4e98a31b58a6ff31042c8bd495a5a
  TestFlightSDK: 0c24c533748d0d84bfe7a3cb6036fa79124d84ee

COCOAPODS: 0.33.1
