// !$*UTF8*$!
{
	archiveVersion = 1;
	classes = {
	};
	objectVersion = 46;
	objects = {

/* Begin PBXBuildFile section */
		77615BF5196DBA3000F8317E /* logo_mini.png in Resources */ = {isa = PBXBuildFile; fileRef = 77615BF4196DBA3000F8317E /* logo_mini.png */; };
		77615BFA196DBDF600F8317E /* Main_iPad.storyboard in Resources */ = {isa = PBXBuildFile; fileRef = 77615BFC196DBDF600F8317E /* Main_iPad.storyboard */; };
		77A500F7196D9169000BADC0 /* Foundation.framework in Frameworks */ = {isa = PBXBuildFile; fileRef = 77A500F6196D9169000BADC0 /* Foundation.framework */; };
		77A500F9196D9169000BADC0 /* CoreGraphics.framework in Frameworks */ = {isa = PBXBuildFile; fileRef = 77A500F8196D9169000BADC0 /* CoreGraphics.framework */; };
		77A500FB196D9169000BADC0 /* UIKit.framework in Frameworks */ = {isa = PBXBuildFile; fileRef = 77A500FA196D9169000BADC0 /* UIKit.framework */; };
		77A500FD196D9169000BADC0 /* CoreData.framework in Frameworks */ = {isa = PBXBuildFile; fileRef = 77A500FC196D9169000BADC0 /* CoreData.framework */; };
		77A50103196D9169000BADC0 /* InfoPlist.strings in Resources */ = {isa = PBXBuildFile; fileRef = 77A50101196D9169000BADC0 /* InfoPlist.strings */; };
		77A50105196D9169000BADC0 /* main.m in Sources */ = {isa = PBXBuildFile; fileRef = 77A50104196D9169000BADC0 /* main.m */; };
		77A50109196D9169000BADC0 /* SLAppDelegate.m in Sources */ = {isa = PBXBuildFile; fileRef = 77A50108196D9169000BADC0 /* SLAppDelegate.m */; };
		77A5010C196D9169000BADC0 /* Streamlyne.xcdatamodeld in Sources */ = {isa = PBXBuildFile; fileRef = 77A5010A196D9169000BADC0 /* Streamlyne.xcdatamodeld */; };
		77A5010E196D9169000BADC0 /* Images.xcassets in Resources */ = {isa = PBXBuildFile; fileRef = 77A5010D196D9169000BADC0 /* Images.xcassets */; };
		77A50115196D9169000BADC0 /* XCTest.framework in Frameworks */ = {isa = PBXBuildFile; fileRef = 77A50114196D9169000BADC0 /* XCTest.framework */; };
		77A50116196D9169000BADC0 /* Foundation.framework in Frameworks */ = {isa = PBXBuildFile; fileRef = 77A500F6196D9169000BADC0 /* Foundation.framework */; };
		77A50117196D9169000BADC0 /* UIKit.framework in Frameworks */ = {isa = PBXBuildFile; fileRef = 77A500FA196D9169000BADC0 /* UIKit.framework */; };
		77A50118196D9169000BADC0 /* CoreData.framework in Frameworks */ = {isa = PBXBuildFile; fileRef = 77A500FC196D9169000BADC0 /* CoreData.framework */; };
		77A50120196D9169000BADC0 /* InfoPlist.strings in Resources */ = {isa = PBXBuildFile; fileRef = 77A5011E196D9169000BADC0 /* InfoPlist.strings */; };
		77A50122196D9169000BADC0 /* StreamlyneTests.m in Sources */ = {isa = PBXBuildFile; fileRef = 77A50121196D9169000BADC0 /* StreamlyneTests.m */; };
		80FDBC1A8ABD4EB59C216B87 /* libPods.a in Frameworks */ = {isa = PBXBuildFile; fileRef = 28D6CE134AE0437A89021D6B /* libPods.a */; };
/* End PBXBuildFile section */

/* Begin PBXContainerItemProxy section */
		77A50119196D9169000BADC0 /* PBXContainerItemProxy */ = {
			isa = PBXContainerItemProxy;
			containerPortal = 77A500EB196D9169000BADC0 /* Project object */;
			proxyType = 1;
			remoteGlobalIDString = 77A500F2196D9169000BADC0;
			remoteInfo = Streamlyne;
		};
/* End PBXContainerItemProxy section */

/* Begin PBXFileReference section */
		28D6CE134AE0437A89021D6B /* libPods.a */ = {isa = PBXFileReference; explicitFileType = archive.ar; includeInIndex = 0; path = libPods.a; sourceTree = BUILT_PRODUCTS_DIR; };
		77615BF4196DBA3000F8317E /* logo_mini.png */ = {isa = PBXFileReference; lastKnownFileType = image.png; path = logo_mini.png; sourceTree = "<group>"; };
		77615BFB196DBDF600F8317E /* en */ = {isa = PBXFileReference; lastKnownFileType = file.storyboard; name = en; path = en.lproj/Main_iPad.storyboard; sourceTree = "<group>"; };
		77A500F3196D9169000BADC0 /* Streamlyne.app */ = {isa = PBXFileReference; explicitFileType = wrapper.application; includeInIndex = 0; path = Streamlyne.app; sourceTree = BUILT_PRODUCTS_DIR; };
		77A500F6196D9169000BADC0 /* Foundation.framework */ = {isa = PBXFileReference; lastKnownFileType = wrapper.framework; name = Foundation.framework; path = System/Library/Frameworks/Foundation.framework; sourceTree = SDKROOT; };
		77A500F8196D9169000BADC0 /* CoreGraphics.framework */ = {isa = PBXFileReference; lastKnownFileType = wrapper.framework; name = CoreGraphics.framework; path = System/Library/Frameworks/CoreGraphics.framework; sourceTree = SDKROOT; };
		77A500FA196D9169000BADC0 /* UIKit.framework */ = {isa = PBXFileReference; lastKnownFileType = wrapper.framework; name = UIKit.framework; path = System/Library/Frameworks/UIKit.framework; sourceTree = SDKROOT; };
		77A500FC196D9169000BADC0 /* CoreData.framework */ = {isa = PBXFileReference; lastKnownFileType = wrapper.framework; name = CoreData.framework; path = System/Library/Frameworks/CoreData.framework; sourceTree = SDKROOT; };
		77A50100196D9169000BADC0 /* Streamlyne-Info.plist */ = {isa = PBXFileReference; lastKnownFileType = text.plist.xml; path = "Streamlyne-Info.plist"; sourceTree = "<group>"; };
		77A50102196D9169000BADC0 /* en */ = {isa = PBXFileReference; lastKnownFileType = text.plist.strings; name = en; path = en.lproj/InfoPlist.strings; sourceTree = "<group>"; };
		77A50104196D9169000BADC0 /* main.m */ = {isa = PBXFileReference; lastKnownFileType = sourcecode.c.objc; path = main.m; sourceTree = "<group>"; };
		77A50106196D9169000BADC0 /* Streamlyne-Prefix.pch */ = {isa = PBXFileReference; lastKnownFileType = sourcecode.c.h; path = "Streamlyne-Prefix.pch"; sourceTree = "<group>"; };
		77A50107196D9169000BADC0 /* SLAppDelegate.h */ = {isa = PBXFileReference; lastKnownFileType = sourcecode.c.h; path = SLAppDelegate.h; sourceTree = "<group>"; };
		77A50108196D9169000BADC0 /* SLAppDelegate.m */ = {isa = PBXFileReference; lastKnownFileType = sourcecode.c.objc; path = SLAppDelegate.m; sourceTree = "<group>"; };
		77A5010B196D9169000BADC0 /* Streamlyne.xcdatamodel */ = {isa = PBXFileReference; lastKnownFileType = wrapper.xcdatamodel; path = Streamlyne.xcdatamodel; sourceTree = "<group>"; };
		77A5010D196D9169000BADC0 /* Images.xcassets */ = {isa = PBXFileReference; lastKnownFileType = folder.assetcatalog; path = Images.xcassets; sourceTree = "<group>"; };
		77A50113196D9169000BADC0 /* StreamlyneTests.xctest */ = {isa = PBXFileReference; explicitFileType = wrapper.cfbundle; includeInIndex = 0; path = StreamlyneTests.xctest; sourceTree = BUILT_PRODUCTS_DIR; };
		77A50114196D9169000BADC0 /* XCTest.framework */ = {isa = PBXFileReference; lastKnownFileType = wrapper.framework; name = XCTest.framework; path = Library/Frameworks/XCTest.framework; sourceTree = DEVELOPER_DIR; };
		77A5011D196D9169000BADC0 /* StreamlyneTests-Info.plist */ = {isa = PBXFileReference; lastKnownFileType = text.plist.xml; path = "StreamlyneTests-Info.plist"; sourceTree = "<group>"; };
		77A5011F196D9169000BADC0 /* en */ = {isa = PBXFileReference; lastKnownFileType = text.plist.strings; name = en; path = en.lproj/InfoPlist.strings; sourceTree = "<group>"; };
		77A50121196D9169000BADC0 /* StreamlyneTests.m */ = {isa = PBXFileReference; lastKnownFileType = sourcecode.c.objc; path = StreamlyneTests.m; sourceTree = "<group>"; };
		E622A477CFFF4CAC81544F77 /* Pods.xcconfig */ = {isa = PBXFileReference; includeInIndex = 1; lastKnownFileType = text.xcconfig; name = Pods.xcconfig; path = Pods/Pods.xcconfig; sourceTree = "<group>"; };
/* End PBXFileReference section */

/* Begin PBXFrameworksBuildPhase section */
		77A500F0196D9169000BADC0 /* Frameworks */ = {
			isa = PBXFrameworksBuildPhase;
			buildActionMask = 2147483647;
			files = (
				77A500F9196D9169000BADC0 /* CoreGraphics.framework in Frameworks */,
				77A500FD196D9169000BADC0 /* CoreData.framework in Frameworks */,
				77A500FB196D9169000BADC0 /* UIKit.framework in Frameworks */,
				77A500F7196D9169000BADC0 /* Foundation.framework in Frameworks */,
				80FDBC1A8ABD4EB59C216B87 /* libPods.a in Frameworks */,
			);
			runOnlyForDeploymentPostprocessing = 0;
		};
		77A50110196D9169000BADC0 /* Frameworks */ = {
			isa = PBXFrameworksBuildPhase;
			buildActionMask = 2147483647;
			files = (
				77A50115196D9169000BADC0 /* XCTest.framework in Frameworks */,
				77A50118196D9169000BADC0 /* CoreData.framework in Frameworks */,
				77A50117196D9169000BADC0 /* UIKit.framework in Frameworks */,
				77A50116196D9169000BADC0 /* Foundation.framework in Frameworks */,
			);
			runOnlyForDeploymentPostprocessing = 0;
		};
/* End PBXFrameworksBuildPhase section */

/* Begin PBXGroup section */
		77615BF6196DBA3E00F8317E /* Images */ = {
			isa = PBXGroup;
			children = (
				77615BF4196DBA3000F8317E /* logo_mini.png */,
			);
			path = Images;
			sourceTree = "<group>";
		};
		77615BF7196DBB2300F8317E /* Storyboards */ = {
			isa = PBXGroup;
			children = (
				77615BFC196DBDF600F8317E /* Main_iPad.storyboard */,
			);
			path = Storyboards;
			sourceTree = "<group>";
		};
		77A500EA196D9169000BADC0 = {
			isa = PBXGroup;
			children = (
				77A500FE196D9169000BADC0 /* Streamlyne */,
				77A5011B196D9169000BADC0 /* StreamlyneTests */,
				77A500F5196D9169000BADC0 /* Frameworks */,
				77A500F4196D9169000BADC0 /* Products */,
				E622A477CFFF4CAC81544F77 /* Pods.xcconfig */,
			);
			sourceTree = "<group>";
		};
		77A500F4196D9169000BADC0 /* Products */ = {
			isa = PBXGroup;
			children = (
				77A500F3196D9169000BADC0 /* Streamlyne.app */,
				77A50113196D9169000BADC0 /* StreamlyneTests.xctest */,
			);
			name = Products;
			sourceTree = "<group>";
		};
		77A500F5196D9169000BADC0 /* Frameworks */ = {
			isa = PBXGroup;
			children = (
				77A500F6196D9169000BADC0 /* Foundation.framework */,
				77A500F8196D9169000BADC0 /* CoreGraphics.framework */,
				77A500FA196D9169000BADC0 /* UIKit.framework */,
				77A500FC196D9169000BADC0 /* CoreData.framework */,
				77A50114196D9169000BADC0 /* XCTest.framework */,
				28D6CE134AE0437A89021D6B /* libPods.a */,
			);
			name = Frameworks;
			sourceTree = "<group>";
		};
		77A500FE196D9169000BADC0 /* Streamlyne */ = {
			isa = PBXGroup;
			children = (
				77615BF7196DBB2300F8317E /* Storyboards */,
				77615BF6196DBA3E00F8317E /* Images */,
				77A50107196D9169000BADC0 /* SLAppDelegate.h */,
				77A50108196D9169000BADC0 /* SLAppDelegate.m */,
				77A5010D196D9169000BADC0 /* Images.xcassets */,
				77A5010A196D9169000BADC0 /* Streamlyne.xcdatamodeld */,
				77A500FF196D9169000BADC0 /* Supporting Files */,
			);
			path = Streamlyne;
			sourceTree = "<group>";
		};
		77A500FF196D9169000BADC0 /* Supporting Files */ = {
			isa = PBXGroup;
			children = (
				77A50100196D9169000BADC0 /* Streamlyne-Info.plist */,
				77A50101196D9169000BADC0 /* InfoPlist.strings */,
				77A50104196D9169000BADC0 /* main.m */,
				77A50106196D9169000BADC0 /* Streamlyne-Prefix.pch */,
			);
			path = "Supporting Files";
			sourceTree = "<group>";
		};
		77A5011B196D9169000BADC0 /* StreamlyneTests */ = {
			isa = PBXGroup;
			children = (
				77A50121196D9169000BADC0 /* StreamlyneTests.m */,
				77A5011C196D9169000BADC0 /* Supporting Files */,
			);
			path = StreamlyneTests;
			sourceTree = "<group>";
		};
		77A5011C196D9169000BADC0 /* Supporting Files */ = {
			isa = PBXGroup;
			children = (
				77A5011D196D9169000BADC0 /* StreamlyneTests-Info.plist */,
				77A5011E196D9169000BADC0 /* InfoPlist.strings */,
			);
			path = "Supporting Files";
			sourceTree = "<group>";
		};
/* End PBXGroup section */

/* Begin PBXNativeTarget section */
		77A500F2196D9169000BADC0 /* Streamlyne */ = {
			isa = PBXNativeTarget;
			buildConfigurationList = 77A50125196D9169000BADC0 /* Build configuration list for PBXNativeTarget "Streamlyne" */;
			buildPhases = (
				3EE4D81576DF4743B31F305F /* Check Pods Manifest.lock */,
				77A500EF196D9169000BADC0 /* Sources */,
				77A500F0196D9169000BADC0 /* Frameworks */,
				77A500F1196D9169000BADC0 /* Resources */,
				BD6AEF8EF2B54F1E8892F81D /* Copy Pods Resources */,
			);
			buildRules = (
			);
			dependencies = (
			);
			name = Streamlyne;
			productName = Streamlyne;
			productReference = 77A500F3196D9169000BADC0 /* Streamlyne.app */;
			productType = "com.apple.product-type.application";
		};
		77A50112196D9169000BADC0 /* StreamlyneTests */ = {
			isa = PBXNativeTarget;
			buildConfigurationList = 77A50128196D9169000BADC0 /* Build configuration list for PBXNativeTarget "StreamlyneTests" */;
			buildPhases = (
				77A5010F196D9169000BADC0 /* Sources */,
				77A50110196D9169000BADC0 /* Frameworks */,
				77A50111196D9169000BADC0 /* Resources */,
			);
			buildRules = (
			);
			dependencies = (
				77A5011A196D9169000BADC0 /* PBXTargetDependency */,
			);
			name = StreamlyneTests;
			productName = StreamlyneTests;
			productReference = 77A50113196D9169000BADC0 /* StreamlyneTests.xctest */;
			productType = "com.apple.product-type.bundle.unit-test";
		};
/* End PBXNativeTarget section */

/* Begin PBXProject section */
		77A500EB196D9169000BADC0 /* Project object */ = {
			isa = PBXProject;
			attributes = {
				CLASSPREFIX = SL;
				LastUpgradeCheck = 0510;
				ORGANIZATIONNAME = "Streamlyne Technologies";
				TargetAttributes = {
					77A50112196D9169000BADC0 = {
						TestTargetID = 77A500F2196D9169000BADC0;
					};
				};
			};
			buildConfigurationList = 77A500EE196D9169000BADC0 /* Build configuration list for PBXProject "Streamlyne" */;
			compatibilityVersion = "Xcode 3.2";
			developmentRegion = English;
			hasScannedForEncodings = 0;
			knownRegions = (
				en,
			);
			mainGroup = 77A500EA196D9169000BADC0;
			productRefGroup = 77A500F4196D9169000BADC0 /* Products */;
			projectDirPath = "";
			projectRoot = "";
			targets = (
				77A500F2196D9169000BADC0 /* Streamlyne */,
				77A50112196D9169000BADC0 /* StreamlyneTests */,
			);
		};
/* End PBXProject section */

/* Begin PBXResourcesBuildPhase section */
		77A500F1196D9169000BADC0 /* Resources */ = {
			isa = PBXResourcesBuildPhase;
			buildActionMask = 2147483647;
			files = (
				77A50103196D9169000BADC0 /* InfoPlist.strings in Resources */,
				77615BF5196DBA3000F8317E /* logo_mini.png in Resources */,
				77A5010E196D9169000BADC0 /* Images.xcassets in Resources */,
				77615BFA196DBDF600F8317E /* Main_iPad.storyboard in Resources */,
			);
			runOnlyForDeploymentPostprocessing = 0;
		};
		77A50111196D9169000BADC0 /* Resources */ = {
			isa = PBXResourcesBuildPhase;
			buildActionMask = 2147483647;
			files = (
				77A50120196D9169000BADC0 /* InfoPlist.strings in Resources */,
			);
			runOnlyForDeploymentPostprocessing = 0;
		};
/* End PBXResourcesBuildPhase section */

/* Begin PBXShellScriptBuildPhase section */
		3EE4D81576DF4743B31F305F /* Check Pods Manifest.lock */ = {
			isa = PBXShellScriptBuildPhase;
			buildActionMask = 2147483647;
			files = (
			);
			inputPaths = (
			);
			name = "Check Pods Manifest.lock";
			outputPaths = (
			);
			runOnlyForDeploymentPostprocessing = 0;
			shellPath = /bin/sh;
			shellScript = "diff \"${PODS_ROOT}/../Podfile.lock\" \"${PODS_ROOT}/Manifest.lock\" > /dev/null\nif [[ $? != 0 ]] ; then\n    cat << EOM\nerror: The sandbox is not in sync with the Podfile.lock. Run 'pod install' or update your CocoaPods installation.\nEOM\n    exit 1\nfi\n";
			showEnvVarsInLog = 0;
		};
		BD6AEF8EF2B54F1E8892F81D /* Copy Pods Resources */ = {
			isa = PBXShellScriptBuildPhase;
			buildActionMask = 2147483647;
			files = (
			);
			inputPaths = (
			);
			name = "Copy Pods Resources";
			outputPaths = (
			);
			runOnlyForDeploymentPostprocessing = 0;
			shellPath = /bin/sh;
			shellScript = "\"${SRCROOT}/Pods/Pods-resources.sh\"\n";
			showEnvVarsInLog = 0;
		};
/* End PBXShellScriptBuildPhase section */

/* Begin PBXSourcesBuildPhase section */
		77A500EF196D9169000BADC0 /* Sources */ = {
			isa = PBXSourcesBuildPhase;
			buildActionMask = 2147483647;
			files = (
				77A50105196D9169000BADC0 /* main.m in Sources */,
				77A50109196D9169000BADC0 /* SLAppDelegate.m in Sources */,
				77A5010C196D9169000BADC0 /* Streamlyne.xcdatamodeld in Sources */,
			);
			runOnlyForDeploymentPostprocessing = 0;
		};
		77A5010F196D9169000BADC0 /* Sources */ = {
			isa = PBXSourcesBuildPhase;
			buildActionMask = 2147483647;
			files = (
				77A50122196D9169000BADC0 /* StreamlyneTests.m in Sources */,
			);
			runOnlyForDeploymentPostprocessing = 0;
		};
/* End PBXSourcesBuildPhase section */

/* Begin PBXTargetDependency section */
		77A5011A196D9169000BADC0 /* PBXTargetDependency */ = {
			isa = PBXTargetDependency;
			target = 77A500F2196D9169000BADC0 /* Streamlyne */;
			targetProxy = 77A50119196D9169000BADC0 /* PBXContainerItemProxy */;
		};
/* End PBXTargetDependency section */

/* Begin PBXVariantGroup section */
		77615BFC196DBDF600F8317E /* Main_iPad.storyboard */ = {
			isa = PBXVariantGroup;
			children = (
				77615BFB196DBDF600F8317E /* en */,
			);
			name = Main_iPad.storyboard;
			sourceTree = "<group>";
		};
		77A50101196D9169000BADC0 /* InfoPlist.strings */ = {
			isa = PBXVariantGroup;
			children = (
				77A50102196D9169000BADC0 /* en */,
			);
			name = InfoPlist.strings;
			sourceTree = "<group>";
		};
		77A5011E196D9169000BADC0 /* InfoPlist.strings */ = {
			isa = PBXVariantGroup;
			children = (
				77A5011F196D9169000BADC0 /* en */,
			);
			name = InfoPlist.strings;
			sourceTree = "<group>";
		};
/* End PBXVariantGroup section */

/* Begin XCBuildConfiguration section */
		77A50123196D9169000BADC0 /* Debug */ = {
			isa = XCBuildConfiguration;
			buildSettings = {
				ALWAYS_SEARCH_USER_PATHS = NO;
				CLANG_CXX_LANGUAGE_STANDARD = "gnu++0x";
				CLANG_CXX_LIBRARY = "libc++";
				CLANG_ENABLE_MODULES = YES;
				CLANG_ENABLE_OBJC_ARC = YES;
				CLANG_WARN_BOOL_CONVERSION = YES;
				CLANG_WARN_CONSTANT_CONVERSION = YES;
				CLANG_WARN_DIRECT_OBJC_ISA_USAGE = YES_ERROR;
				CLANG_WARN_EMPTY_BODY = YES;
				CLANG_WARN_ENUM_CONVERSION = YES;
				CLANG_WARN_INT_CONVERSION = YES;
				CLANG_WARN_OBJC_ROOT_CLASS = YES_ERROR;
				CLANG_WARN__DUPLICATE_METHOD_MATCH = YES;
				"CODE_SIGN_IDENTITY[sdk=iphoneos*]" = "iPhone Developer";
				COPY_PHASE_STRIP = NO;
				GCC_C_LANGUAGE_STANDARD = gnu99;
				GCC_DYNAMIC_NO_PIC = NO;
				GCC_OPTIMIZATION_LEVEL = 0;
				GCC_PREPROCESSOR_DEFINITIONS = (
					"DEBUG=1",
					"$(inherited)",
				);
				GCC_SYMBOLS_PRIVATE_EXTERN = NO;
				GCC_WARN_64_TO_32_BIT_CONVERSION = YES;
				GCC_WARN_ABOUT_RETURN_TYPE = YES_ERROR;
				GCC_WARN_UNDECLARED_SELECTOR = YES;
				GCC_WARN_UNINITIALIZED_AUTOS = YES_AGGRESSIVE;
				GCC_WARN_UNUSED_FUNCTION = YES;
				GCC_WARN_UNUSED_VARIABLE = YES;
				IPHONEOS_DEPLOYMENT_TARGET = 7.1;
				ONLY_ACTIVE_ARCH = YES;
				SDKROOT = iphoneos;
				TARGETED_DEVICE_FAMILY = "1,2";
			};
			name = Debug;
		};
		77A50124196D9169000BADC0 /* Release */ = {
			isa = XCBuildConfiguration;
			buildSettings = {
				ALWAYS_SEARCH_USER_PATHS = NO;
				CLANG_CXX_LANGUAGE_STANDARD = "gnu++0x";
				CLANG_CXX_LIBRARY = "libc++";
				CLANG_ENABLE_MODULES = YES;
				CLANG_ENABLE_OBJC_ARC = YES;
				CLANG_WARN_BOOL_CONVERSION = YES;
				CLANG_WARN_CONSTANT_CONVERSION = YES;
				CLANG_WARN_DIRECT_OBJC_ISA_USAGE = YES_ERROR;
				CLANG_WARN_EMPTY_BODY = YES;
				CLANG_WARN_ENUM_CONVERSION = YES;
				CLANG_WARN_INT_CONVERSION = YES;
				CLANG_WARN_OBJC_ROOT_CLASS = YES_ERROR;
				CLANG_WARN__DUPLICATE_METHOD_MATCH = YES;
				"CODE_SIGN_IDENTITY[sdk=iphoneos*]" = "iPhone Developer";
				COPY_PHASE_STRIP = YES;
				ENABLE_NS_ASSERTIONS = NO;
				GCC_C_LANGUAGE_STANDARD = gnu99;
				GCC_WARN_64_TO_32_BIT_CONVERSION = YES;
				GCC_WARN_ABOUT_RETURN_TYPE = YES_ERROR;
				GCC_WARN_UNDECLARED_SELECTOR = YES;
				GCC_WARN_UNINITIALIZED_AUTOS = YES_AGGRESSIVE;
				GCC_WARN_UNUSED_FUNCTION = YES;
				GCC_WARN_UNUSED_VARIABLE = YES;
				IPHONEOS_DEPLOYMENT_TARGET = 7.1;
				SDKROOT = iphoneos;
				TARGETED_DEVICE_FAMILY = "1,2";
				VALIDATE_PRODUCT = YES;
			};
			name = Release;
		};
		77A50126196D9169000BADC0 /* Debug */ = {
			isa = XCBuildConfiguration;
			baseConfigurationReference = E622A477CFFF4CAC81544F77 /* Pods.xcconfig */;
			buildSettings = {
				ASSETCATALOG_COMPILER_APPICON_NAME = AppIcon;
				ASSETCATALOG_COMPILER_LAUNCHIMAGE_NAME = LaunchImage;
				GCC_PRECOMPILE_PREFIX_HEADER = YES;
				GCC_PREFIX_HEADER = "Streamlyne/Supporting Files/Streamlyne-Prefix.pch";
				INFOPLIST_FILE = "Streamlyne/Supporting Files/Streamlyne-Info.plist";
				PRODUCT_NAME = "$(TARGET_NAME)";
				WRAPPER_EXTENSION = app;
			};
			name = Debug;
		};
		77A50127196D9169000BADC0 /* Release */ = {
			isa = XCBuildConfiguration;
			baseConfigurationReference = E622A477CFFF4CAC81544F77 /* Pods.xcconfig */;
			buildSettings = {
				ASSETCATALOG_COMPILER_APPICON_NAME = AppIcon;
				ASSETCATALOG_COMPILER_LAUNCHIMAGE_NAME = LaunchImage;
				GCC_PRECOMPILE_PREFIX_HEADER = YES;
				GCC_PREFIX_HEADER = "Streamlyne/Supporting Files/Streamlyne-Prefix.pch";
				INFOPLIST_FILE = "Streamlyne/Supporting Files/Streamlyne-Info.plist";
				PRODUCT_NAME = "$(TARGET_NAME)";
				WRAPPER_EXTENSION = app;
			};
			name = Release;
		};
		77A50129196D9169000BADC0 /* Debug */ = {
			isa = XCBuildConfiguration;
			buildSettings = {
				BUNDLE_LOADER = "$(BUILT_PRODUCTS_DIR)/Streamlyne.app/Streamlyne";
				FRAMEWORK_SEARCH_PATHS = (
					"$(SDKROOT)/Developer/Library/Frameworks",
					"$(inherited)",
					"$(DEVELOPER_FRAMEWORKS_DIR)",
				);
				GCC_PRECOMPILE_PREFIX_HEADER = YES;
				GCC_PREFIX_HEADER = "Streamlyne/Supporting Files/Streamlyne-Prefix.pch";
				GCC_PREPROCESSOR_DEFINITIONS = (
					"DEBUG=1",
					"$(inherited)",
				);
				INFOPLIST_FILE = "StreamlyneTests/Supporting Files/StreamlyneTests-Info.plist";
				PRODUCT_NAME = "$(TARGET_NAME)";
				TEST_HOST = "$(BUNDLE_LOADER)";
				WRAPPER_EXTENSION = xctest;
			};
			name = Debug;
		};
		77A5012A196D9169000BADC0 /* Release */ = {
			isa = XCBuildConfiguration;
			buildSettings = {
				BUNDLE_LOADER = "$(BUILT_PRODUCTS_DIR)/Streamlyne.app/Streamlyne";
				FRAMEWORK_SEARCH_PATHS = (
					"$(SDKROOT)/Developer/Library/Frameworks",
					"$(inherited)",
					"$(DEVELOPER_FRAMEWORKS_DIR)",
				);
				GCC_PRECOMPILE_PREFIX_HEADER = YES;
				GCC_PREFIX_HEADER = "Streamlyne/Supporting Files/Streamlyne-Prefix.pch";
				INFOPLIST_FILE = "StreamlyneTests/Supporting Files/StreamlyneTests-Info.plist";
				PRODUCT_NAME = "$(TARGET_NAME)";
				TEST_HOST = "$(BUNDLE_LOADER)";
				WRAPPER_EXTENSION = xctest;
			};
			name = Release;
		};
/* End XCBuildConfiguration section */

/* Begin XCConfigurationList section */
		77A500EE196D9169000BADC0 /* Build configuration list for PBXProject "Streamlyne" */ = {
			isa = XCConfigurationList;
			buildConfigurations = (
				77A50123196D9169000BADC0 /* Debug */,
				77A50124196D9169000BADC0 /* Release */,
			);
			defaultConfigurationIsVisible = 0;
			defaultConfigurationName = Release;
		};
		77A50125196D9169000BADC0 /* Build configuration list for PBXNativeTarget "Streamlyne" */ = {
			isa = XCConfigurationList;
			buildConfigurations = (
				77A50126196D9169000BADC0 /* Debug */,
				77A50127196D9169000BADC0 /* Release */,
			);
			defaultConfigurationIsVisible = 0;
			defaultConfigurationName = Release;
		};
		77A50128196D9169000BADC0 /* Build configuration list for PBXNativeTarget "StreamlyneTests" */ = {
			isa = XCConfigurationList;
			buildConfigurations = (
				77A50129196D9169000BADC0 /* Debug */,
				77A5012A196D9169000BADC0 /* Release */,
			);
			defaultConfigurationIsVisible = 0;
			defaultConfigurationName = Release;
		};
/* End XCConfigurationList section */

/* Begin XCVersionGroup section */
		77A5010A196D9169000BADC0 /* Streamlyne.xcdatamodeld */ = {
			isa = XCVersionGroup;
			children = (
				77A5010B196D9169000BADC0 /* Streamlyne.xcdatamodel */,
			);
			currentVersion = 77A5010B196D9169000BADC0 /* Streamlyne.xcdatamodel */;
			path = Streamlyne.xcdatamodeld;
			sourceTree = "<group>";
			versionGroupType = wrapper.xcdatamodel;
		};
/* End XCVersionGroup section */
	};
	rootObject = 77A500EB196D9169000BADC0 /* Project object */;
}
